
Microsoft Visual Studio Solution File, Format Version 12.00
# Visual Studio 15
VisualStudioVersion = 15.0.26124.0
MinimumVisualStudioVersion = 15.0.26124.0
Project("{2150E333-8FDC-42A3-9474-1A3956D46DE8}") = "src", "src", "{57CED019-5727-4FAE-8206-3A0FA092D3B7}"
EndProject
Project("{FAE04EC0-301F-11D3-BF4B-00C04F79EFBC}") = "Blog.Api", "src\Blog.Api\Blog.Api.csproj", "{5985D731-9F16-4509-B6BD-59FC525964EF}"
EndProject
Project("{FAE04EC0-301F-11D3-BF4B-00C04F79EFBC}") = "Blog.CMS", "src\Blog.CMS\Blog.CMS.csproj", "{6136DB6D-6E3E-447C-A0C7-D0D077DD8800}"
EndProject
Project("{FAE04EC0-301F-11D3-BF4B-00C04F79EFBC}") = "Blog.IdentityServer", "src\Blog.IdentityServer\Blog.IdentityServer.csproj", "{EBE64CD1-F890-4B96-9289-EB4432FA5C0C}"
EndProject
Global
	GlobalSection(SolutionConfigurationPlatforms) = preSolution
		Debug|Any CPU = Debug|Any CPU
		Debug|x64 = Debug|x64
		Debug|x86 = Debug|x86
		Release|Any CPU = Release|Any CPU
		Release|x64 = Release|x64
		Release|x86 = Release|x86
	EndGlobalSection
	GlobalSection(SolutionProperties) = preSolution
		HideSolutionNode = FALSE
	EndGlobalSection
	GlobalSection(ProjectConfigurationPlatforms) = postSolution
		{5985D731-9F16-4509-B6BD-59FC525964EF}.Debug|Any CPU.ActiveCfg = Debug|Any CPU
		{5985D731-9F16-4509-B6BD-59FC525964EF}.Debug|Any CPU.Build.0 = Debug|Any CPU
		{5985D731-9F16-4509-B6BD-59FC525964EF}.Debug|x64.ActiveCfg = Debug|Any CPU
		{5985D731-9F16-4509-B6BD-59FC525964EF}.Debug|x64.Build.0 = Debug|Any CPU
		{5985D731-9F16-4509-B6BD-59FC525964EF}.Debug|x86.ActiveCfg = Debug|Any CPU
		{5985D731-9F16-4509-B6BD-59FC525964EF}.Debug|x86.Build.0 = Debug|Any CPU
		{5985D731-9F16-4509-B6BD-59FC525964EF}.Release|Any CPU.ActiveCfg = Release|Any CPU
		{5985D731-9F16-4509-B6BD-59FC525964EF}.Release|Any CPU.Build.0 = Release|Any CPU
		{5985D731-9F16-4509-B6BD-59FC525964EF}.Release|x64.ActiveCfg = Release|Any CPU
		{5985D731-9F16-4509-B6BD-59FC525964EF}.Release|x64.Build.0 = Release|Any CPU
		{5985D731-9F16-4509-B6BD-59FC525964EF}.Release|x86.ActiveCfg = Release|Any CPU
		{5985D731-9F16-4509-B6BD-59FC525964EF}.Release|x86.Build.0 = Release|Any CPU
		{6136DB6D-6E3E-447C-A0C7-D0D077DD8800}.Debug|Any CPU.ActiveCfg = Debug|Any CPU
		{6136DB6D-6E3E-447C-A0C7-D0D077DD8800}.Debug|Any CPU.Build.0 = Debug|Any CPU
		{6136DB6D-6E3E-447C-A0C7-D0D077DD8800}.Debug|x64.ActiveCfg = Debug|Any CPU
		{6136DB6D-6E3E-447C-A0C7-D0D077DD8800}.Debug|x64.Build.0 = Debug|Any CPU
		{6136DB6D-6E3E-447C-A0C7-D0D077DD8800}.Debug|x86.ActiveCfg = Debug|Any CPU
		{6136DB6D-6E3E-447C-A0C7-D0D077DD8800}.Debug|x86.Build.0 = Debug|Any CPU
		{6136DB6D-6E3E-447C-A0C7-D0D077DD8800}.Release|Any CPU.ActiveCfg = Release|Any CPU
		{6136DB6D-6E3E-447C-A0C7-D0D077DD8800}.Release|Any CPU.Build.0 = Release|Any CPU
		{6136DB6D-6E3E-447C-A0C7-D0D077DD8800}.Release|x64.ActiveCfg = Release|Any CPU
		{6136DB6D-6E3E-447C-A0C7-D0D077DD8800}.Release|x64.Build.0 = Release|Any CPU
		{6136DB6D-6E3E-447C-A0C7-D0D077DD8800}.Release|x86.ActiveCfg = Release|Any CPU
		{6136DB6D-6E3E-447C-A0C7-D0D077DD8800}.Release|x86.Build.0 = Release|Any CPU
		{EBE64CD1-F890-4B96-9289-EB4432FA5C0C}.Debug|Any CPU.ActiveCfg = Debug|Any CPU
		{EBE64CD1-F890-4B96-9289-EB4432FA5C0C}.Debug|Any CPU.Build.0 = Debug|Any CPU
		{EBE64CD1-F890-4B96-9289-EB4432FA5C0C}.Debug|x64.ActiveCfg = Debug|Any CPU
		{EBE64CD1-F890-4B96-9289-EB4432FA5C0C}.Debug|x64.Build.0 = Debug|Any CPU
		{EBE64CD1-F890-4B96-9289-EB4432FA5C0C}.Debug|x86.ActiveCfg = Debug|Any CPU
		{EBE64CD1-F890-4B96-9289-EB4432FA5C0C}.Debug|x86.Build.0 = Debug|Any CPU
		{EBE64CD1-F890-4B96-9289-EB4432FA5C0C}.Release|Any CPU.ActiveCfg = Release|Any CPU
		{EBE64CD1-F890-4B96-9289-EB4432FA5C0C}.Release|Any CPU.Build.0 = Release|Any CPU
		{EBE64CD1-F890-4B96-9289-EB4432FA5C0C}.Release|x64.ActiveCfg = Release|Any CPU
		{EBE64CD1-F890-4B96-9289-EB4432FA5C0C}.Release|x64.Build.0 = Release|Any CPU
		{EBE64CD1-F890-4B96-9289-EB4432FA5C0C}.Release|x86.ActiveCfg = Release|Any CPU
		{EBE64CD1-F890-4B96-9289-EB4432FA5C0C}.Release|x86.Build.0 = Release|Any CPU
	EndGlobalSection
	GlobalSection(NestedProjects) = preSolution
		{5985D731-9F16-4509-B6BD-59FC525964EF} = {57CED019-5727-4FAE-8206-3A0FA092D3B7}
		{6136DB6D-6E3E-447C-A0C7-D0D077DD8800} = {57CED019-5727-4FAE-8206-3A0FA092D3B7}
		{EBE64CD1-F890-4B96-9289-EB4432FA5C0C} = {57CED019-5727-4FAE-8206-3A0FA092D3B7}
	EndGlobalSection
EndGlobal
